
Microsoft Visual Studio Solution File, Format Version 12.00
# Visual Studio Version 17
VisualStudioVersion = 17.9.34607.119
MinimumVisualStudioVersion = 10.0.40219.1
Project("{FAE04EC0-301F-11D3-BF4B-00C04F79EFBC}") = "test-project", "test-project\test-project.csproj", "{A57AFDE5-4842-4129-98D7-44B46B9A64C5}"
EndProject
Project("{FAE04EC0-301F-11D3-BF4B-00C04F79EFBC}") = "test-project.Db", "test-project.Db\test-project.Db.csproj", "{373F1D69-1930-4D3B-B27D-E626FECF0EB8}"
EndProject
Global
	GlobalSection(SolutionConfigurationPlatforms) = preSolution
		Debug|Any CPU = Debug|Any CPU
		Release|Any CPU = Release|Any CPU
	EndGlobalSection
	GlobalSection(ProjectConfigurationPlatforms) = postSolution
		{A57AFDE5-4842-4129-98D7-44B46B9A64C5}.Debug|Any CPU.ActiveCfg = Debug|Any CPU
		{A57AFDE5-4842-4129-98D7-44B46B9A64C5}.Debug|Any CPU.Build.0 = Debug|Any CPU
		{A57AFDE5-4842-4129-98D7-44B46B9A64C5}.Release|Any CPU.ActiveCfg = Release|Any CPU
		{A57AFDE5-4842-4129-98D7-44B46B9A64C5}.Release|Any CPU.Build.0 = Release|Any CPU
		{373F1D69-1930-4D3B-B27D-E626FECF0EB8}.Debug|Any CPU.ActiveCfg = Debug|Any CPU
		{373F1D69-1930-4D3B-B27D-E626FECF0EB8}.Debug|Any CPU.Build.0 = Debug|Any CPU
		{373F1D69-1930-4D3B-B27D-E626FECF0EB8}.Release|Any CPU.ActiveCfg = Release|Any CPU
		{373F1D69-1930-4D3B-B27D-E626FECF0EB8}.Release|Any CPU.Build.0 = Release|Any CPU
	EndGlobalSection
	GlobalSection(SolutionProperties) = preSolution
		HideSolutionNode = FALSE
	EndGlobalSection
	GlobalSection(ExtensibilityGlobals) = postSolution
		SolutionGuid = {060FD4A4-80B7-4997-8200-5FAB2F7E395B}
	EndGlobalSection
EndGlobal
